
Microsoft Visual Studio Solution File, Format Version 12.00
# Visual Studio Version 16
VisualStudioVersion = 16.0.29609.76
MinimumVisualStudioVersion = 10.0.40219.1
Project("{FAE04EC0-301F-11D3-BF4B-00C04F79EFBC}") = "day4", "day4\day4.csproj", "{13E59F1C-81DA-4ABB-8641-392E358C9676}"
EndProject
Global
	GlobalSection(SolutionConfigurationPlatforms) = preSolution
		Debug|Any CPU = Debug|Any CPU
		Release|Any CPU = Release|Any CPU
	EndGlobalSection
	GlobalSection(ProjectConfigurationPlatforms) = postSolution
		{13E59F1C-81DA-4ABB-8641-392E358C9676}.Debug|Any CPU.ActiveCfg = Debug|Any CPU
		{13E59F1C-81DA-4ABB-8641-392E358C9676}.Debug|Any CPU.Build.0 = Debug|Any CPU
		{13E59F1C-81DA-4ABB-8641-392E358C9676}.Release|Any CPU.ActiveCfg = Release|Any CPU
		{13E59F1C-81DA-4ABB-8641-392E358C9676}.Release|Any CPU.Build.0 = Release|Any CPU
	EndGlobalSection
	GlobalSection(SolutionProperties) = preSolution
		HideSolutionNode = FALSE
	EndGlobalSection
	GlobalSection(ExtensibilityGlobals) = postSolution
		SolutionGuid = {BD98DF1E-710C-4637-83FF-C5A2C0D5C62E}
	EndGlobalSection
EndGlobal
